
Microsoft Visual Studio Solution File, Format Version 12.00
# Visual Studio Version 16
VisualStudioVersion = 16.0.29230.47
MinimumVisualStudioVersion = 10.0.40219.1
Project("{FAE04EC0-301F-11D3-BF4B-00C04F79EFBC}") = "WifiPass", "WifiPass\WifiPass.csproj", "{0F706D6A-53AD-4AC9-9F55-696D236C7936}"
EndProject
Global
	GlobalSection(SolutionConfigurationPlatforms) = preSolution
		Debug|Any CPU = Debug|Any CPU
		Release|Any CPU = Release|Any CPU
	EndGlobalSection
	GlobalSection(ProjectConfigurationPlatforms) = postSolution
		{0F706D6A-53AD-4AC9-9F55-696D236C7936}.Debug|Any CPU.ActiveCfg = Debug|Any CPU
		{0F706D6A-53AD-4AC9-9F55-696D236C7936}.Debug|Any CPU.Build.0 = Debug|Any CPU
		{0F706D6A-53AD-4AC9-9F55-696D236C7936}.Release|Any CPU.ActiveCfg = Release|Any CPU
		{0F706D6A-53AD-4AC9-9F55-696D236C7936}.Release|Any CPU.Build.0 = Release|Any CPU
	EndGlobalSection
	GlobalSection(SolutionProperties) = preSolution
		HideSolutionNode = FALSE
	EndGlobalSection
	GlobalSection(ExtensibilityGlobals) = postSolution
		SolutionGuid = {5E737F5B-62B3-46DD-BB95-55A3E9565700}
	EndGlobalSection
EndGlobal
